
Microsoft Visual Studio Solution File, Format Version 12.00
# Visual Studio Version 17
VisualStudioVersion = 17.5.33502.453
MinimumVisualStudioVersion = 10.0.40219.1
Project("{9A19103F-16F7-4668-BE54-9A1E7A4F7556}") = "TestabilityInDotNet", "TestabilityInDotNet\TestabilityInDotNet.csproj", "{04A9711F-F728-4846-9258-8C397F158FC3}"
EndProject
Project("{9A19103F-16F7-4668-BE54-9A1E7A4F7556}") = "TestabilityInDotNet.Tests", "TestabilityInDotNet.Tests\TestabilityInDotNet.Tests.csproj", "{AF95AE5E-0C08-4AD1-9503-139A59224B1B}"
EndProject
Project("{9A19103F-16F7-4668-BE54-9A1E7A4F7556}") = "TestabilityInDotNet.Performance", "TestabilityInDotNet.Performance\TestabilityInDotNet.Performance.csproj", "{79CDBD49-583E-4506-901E-9CF72E81CBB0}"
EndProject
Project("{2150E333-8FDC-42A3-9474-1A3956D46DE8}") = "Solution Items", "Solution Items", "{E65F6976-00AD-4459-A929-CFD6F0147862}"
	ProjectSection(SolutionItems) = preProject
		.editorconfig = .editorconfig
		.gitignore = .gitignore
		Directory.Build.props = Directory.Build.props
		Directory.Packages.props = Directory.Packages.props
		README.md = README.md
	EndProjectSection
EndProject
Global
	GlobalSection(SolutionConfigurationPlatforms) = preSolution
		Debug|Any CPU = Debug|Any CPU
		Release|Any CPU = Release|Any CPU
	EndGlobalSection
	GlobalSection(ProjectConfigurationPlatforms) = postSolution
		{04A9711F-F728-4846-9258-8C397F158FC3}.Debug|Any CPU.ActiveCfg = Debug|Any CPU
		{04A9711F-F728-4846-9258-8C397F158FC3}.Debug|Any CPU.Build.0 = Debug|Any CPU
		{04A9711F-F728-4846-9258-8C397F158FC3}.Release|Any CPU.ActiveCfg = Release|Any CPU
		{04A9711F-F728-4846-9258-8C397F158FC3}.Release|Any CPU.Build.0 = Release|Any CPU
		{AF95AE5E-0C08-4AD1-9503-139A59224B1B}.Debug|Any CPU.ActiveCfg = Debug|Any CPU
		{AF95AE5E-0C08-4AD1-9503-139A59224B1B}.Debug|Any CPU.Build.0 = Debug|Any CPU
		{AF95AE5E-0C08-4AD1-9503-139A59224B1B}.Release|Any CPU.ActiveCfg = Release|Any CPU
		{AF95AE5E-0C08-4AD1-9503-139A59224B1B}.Release|Any CPU.Build.0 = Release|Any CPU
		{79CDBD49-583E-4506-901E-9CF72E81CBB0}.Debug|Any CPU.ActiveCfg = Debug|Any CPU
		{79CDBD49-583E-4506-901E-9CF72E81CBB0}.Debug|Any CPU.Build.0 = Debug|Any CPU
		{79CDBD49-583E-4506-901E-9CF72E81CBB0}.Release|Any CPU.ActiveCfg = Release|Any CPU
		{79CDBD49-583E-4506-901E-9CF72E81CBB0}.Release|Any CPU.Build.0 = Release|Any CPU
	EndGlobalSection
	GlobalSection(SolutionProperties) = preSolution
		HideSolutionNode = FALSE
	EndGlobalSection
	GlobalSection(ExtensibilityGlobals) = postSolution
		SolutionGuid = {205B3CAD-F3C4-48D3-B700-E3D141A109CE}
	EndGlobalSection
EndGlobal
