
Microsoft Visual Studio Solution File, Format Version 12.00
# Visual Studio 15
VisualStudioVersion = 15.0.26730.12
MinimumVisualStudioVersion = 10.0.40219.1
Project("{FAE04EC0-301F-11D3-BF4B-00C04F79EFBC}") = "TestabilityInDotNet", "TestabilityInDotNet\TestabilityInDotNet.csproj", "{04A9711F-F728-4846-9258-8C397F158FC3}"
EndProject
Project("{FAE04EC0-301F-11D3-BF4B-00C04F79EFBC}") = "TestabilityInDotNet.Tests", "TestabilityInDotNet.Tests\TestabilityInDotNet.Tests.csproj", "{AF95AE5E-0C08-4AD1-9503-139A59224B1B}"
EndProject
Global
	GlobalSection(SolutionConfigurationPlatforms) = preSolution
		Debug|Any CPU = Debug|Any CPU
		Release|Any CPU = Release|Any CPU
	EndGlobalSection
	GlobalSection(ProjectConfigurationPlatforms) = postSolution
		{04A9711F-F728-4846-9258-8C397F158FC3}.Debug|Any CPU.ActiveCfg = Debug|Any CPU
		{04A9711F-F728-4846-9258-8C397F158FC3}.Debug|Any CPU.Build.0 = Debug|Any CPU
		{04A9711F-F728-4846-9258-8C397F158FC3}.Release|Any CPU.ActiveCfg = Release|Any CPU
		{04A9711F-F728-4846-9258-8C397F158FC3}.Release|Any CPU.Build.0 = Release|Any CPU
		{AF95AE5E-0C08-4AD1-9503-139A59224B1B}.Debug|Any CPU.ActiveCfg = Debug|Any CPU
		{AF95AE5E-0C08-4AD1-9503-139A59224B1B}.Debug|Any CPU.Build.0 = Debug|Any CPU
		{AF95AE5E-0C08-4AD1-9503-139A59224B1B}.Release|Any CPU.ActiveCfg = Release|Any CPU
		{AF95AE5E-0C08-4AD1-9503-139A59224B1B}.Release|Any CPU.Build.0 = Release|Any CPU
	EndGlobalSection
	GlobalSection(SolutionProperties) = preSolution
		HideSolutionNode = FALSE
	EndGlobalSection
	GlobalSection(ExtensibilityGlobals) = postSolution
		SolutionGuid = {205B3CAD-F3C4-48D3-B700-E3D141A109CE}
	EndGlobalSection
EndGlobal
